// !$*UTF8*$!
{
	archiveVersion = 1;
	classes = {
	};
	objectVersion = 55;
	objects = {

/* Begin PBXBuildFile section */
		FCDC088C28E09E4300002902 /* Tests_iOS.swift in Sources */ = {isa = PBXBuildFile; fileRef = FCDC088B28E09E4300002902 /* Tests_iOS.swift */; };
		FCDC088E28E09E4300002902 /* Tests_iOSLaunchTests.swift in Sources */ = {isa = PBXBuildFile; fileRef = FCDC088D28E09E4300002902 /* Tests_iOSLaunchTests.swift */; };
		FCDC089828E09E4300002902 /* Tests_macOS.swift in Sources */ = {isa = PBXBuildFile; fileRef = FCDC089728E09E4300002902 /* Tests_macOS.swift */; };
		FCDC089A28E09E4300002902 /* Tests_macOSLaunchTests.swift in Sources */ = {isa = PBXBuildFile; fileRef = FCDC089928E09E4300002902 /* Tests_macOSLaunchTests.swift */; };
		FCDC089B28E09E4300002902 /* PokedexAsyncApp.swift in Sources */ = {isa = PBXBuildFile; fileRef = FCDC087328E09E4100002902 /* PokedexAsyncApp.swift */; };
		FCDC089C28E09E4300002902 /* PokedexAsyncApp.swift in Sources */ = {isa = PBXBuildFile; fileRef = FCDC087328E09E4100002902 /* PokedexAsyncApp.swift */; };
		FCDC089D28E09E4300002902 /* ContentView.swift in Sources */ = {isa = PBXBuildFile; fileRef = FCDC087428E09E4100002902 /* ContentView.swift */; };
		FCDC089E28E09E4300002902 /* ContentView.swift in Sources */ = {isa = PBXBuildFile; fileRef = FCDC087428E09E4100002902 /* ContentView.swift */; };
		FCDC089F28E09E4300002902 /* Assets.xcassets in Resources */ = {isa = PBXBuildFile; fileRef = FCDC087528E09E4300002902 /* Assets.xcassets */; };
		FCDC08A028E09E4300002902 /* Assets.xcassets in Resources */ = {isa = PBXBuildFile; fileRef = FCDC087528E09E4300002902 /* Assets.xcassets */; };
/* End PBXBuildFile section */

/* Begin PBXContainerItemProxy section */
		FCDC088828E09E4300002902 /* PBXContainerItemProxy */ = {
			isa = PBXContainerItemProxy;
			containerPortal = FCDC086E28E09E4100002902 /* Project object */;
			proxyType = 1;
			remoteGlobalIDString = FCDC087928E09E4300002902;
			remoteInfo = "PokedexAsync (iOS)";
		};
		FCDC089428E09E4300002902 /* PBXContainerItemProxy */ = {
			isa = PBXContainerItemProxy;
			containerPortal = FCDC086E28E09E4100002902 /* Project object */;
			proxyType = 1;
			remoteGlobalIDString = FCDC087F28E09E4300002902;
			remoteInfo = "PokedexAsync (macOS)";
		};
/* End PBXContainerItemProxy section */

/* Begin PBXFileReference section */
		FCDC087328E09E4100002902 /* PokedexAsyncApp.swift */ = {isa = PBXFileReference; lastKnownFileType = sourcecode.swift; path = PokedexAsyncApp.swift; sourceTree = "<group>"; };
		FCDC087428E09E4100002902 /* ContentView.swift */ = {isa = PBXFileReference; lastKnownFileType = sourcecode.swift; path = ContentView.swift; sourceTree = "<group>"; };
		FCDC087528E09E4300002902 /* Assets.xcassets */ = {isa = PBXFileReference; lastKnownFileType = folder.assetcatalog; path = Assets.xcassets; sourceTree = "<group>"; };
		FCDC087A28E09E4300002902 /* PokedexAsync.app */ = {isa = PBXFileReference; explicitFileType = wrapper.application; includeInIndex = 0; path = PokedexAsync.app; sourceTree = BUILT_PRODUCTS_DIR; };
		FCDC088028E09E4300002902 /* PokedexAsync.app */ = {isa = PBXFileReference; explicitFileType = wrapper.application; includeInIndex = 0; path = PokedexAsync.app; sourceTree = BUILT_PRODUCTS_DIR; };
		FCDC088228E09E4300002902 /* macOS.entitlements */ = {isa = PBXFileReference; lastKnownFileType = text.plist.entitlements; path = macOS.entitlements; sourceTree = "<group>"; };
		FCDC088728E09E4300002902 /* Tests iOS.xctest */ = {isa = PBXFileReference; explicitFileType = wrapper.cfbundle; includeInIndex = 0; path = "Tests iOS.xctest"; sourceTree = BUILT_PRODUCTS_DIR; };
		FCDC088B28E09E4300002902 /* Tests_iOS.swift */ = {isa = PBXFileReference; lastKnownFileType = sourcecode.swift; path = Tests_iOS.swift; sourceTree = "<group>"; };
		FCDC088D28E09E4300002902 /* Tests_iOSLaunchTests.swift */ = {isa = PBXFileReference; lastKnownFileType = sourcecode.swift; path = Tests_iOSLaunchTests.swift; sourceTree = "<group>"; };
		FCDC089328E09E4300002902 /* Tests macOS.xctest */ = {isa = PBXFileReference; explicitFileType = wrapper.cfbundle; includeInIndex = 0; path = "Tests macOS.xctest"; sourceTree = BUILT_PRODUCTS_DIR; };
		FCDC089728E09E4300002902 /* Tests_macOS.swift */ = {isa = PBXFileReference; lastKnownFileType = sourcecode.swift; path = Tests_macOS.swift; sourceTree = "<group>"; };
		FCDC089928E09E4300002902 /* Tests_macOSLaunchTests.swift */ = {isa = PBXFileReference; lastKnownFileType = sourcecode.swift; path = Tests_macOSLaunchTests.swift; sourceTree = "<group>"; };
/* End PBXFileReference section */

/* Begin PBXFrameworksBuildPhase section */
		FCDC087728E09E4300002902 /* Frameworks */ = {
			isa = PBXFrameworksBuildPhase;
			buildActionMask = 2147483647;
			files = (
			);
			runOnlyForDeploymentPostprocessing = 0;
		};
		FCDC087D28E09E4300002902 /* Frameworks */ = {
			isa = PBXFrameworksBuildPhase;
			buildActionMask = 2147483647;
			files = (
			);
			runOnlyForDeploymentPostprocessing = 0;
		};
		FCDC088428E09E4300002902 /* Frameworks */ = {
			isa = PBXFrameworksBuildPhase;
			buildActionMask = 2147483647;
			files = (
			);
			runOnlyForDeploymentPostprocessing = 0;
		};
		FCDC089028E09E4300002902 /* Frameworks */ = {
			isa = PBXFrameworksBuildPhase;
			buildActionMask = 2147483647;
			files = (
			);
			runOnlyForDeploymentPostprocessing = 0;
		};
/* End PBXFrameworksBuildPhase section */

/* Begin PBXGroup section */
		FCDC086D28E09E4100002902 = {
			isa = PBXGroup;
			children = (
				FCDC087228E09E4100002902 /* Shared */,
				FCDC088128E09E4300002902 /* macOS */,
				FCDC088A28E09E4300002902 /* Tests iOS */,
				FCDC089628E09E4300002902 /* Tests macOS */,
				FCDC087B28E09E4300002902 /* Products */,
			);
			sourceTree = "<group>";
		};
		FCDC087228E09E4100002902 /* Shared */ = {
			isa = PBXGroup;
			children = (
				FCDC087328E09E4100002902 /* PokedexAsyncApp.swift */,
				FCDC087428E09E4100002902 /* ContentView.swift */,
				FCDC087528E09E4300002902 /* Assets.xcassets */,
			);
			path = Shared;
			sourceTree = "<group>";
		};
		FCDC087B28E09E4300002902 /* Products */ = {
			isa = PBXGroup;
			children = (
				FCDC087A28E09E4300002902 /* PokedexAsync.app */,
				FCDC088028E09E4300002902 /* PokedexAsync.app */,
				FCDC088728E09E4300002902 /* Tests iOS.xctest */,
				FCDC089328E09E4300002902 /* Tests macOS.xctest */,
			);
			name = Products;
			sourceTree = "<group>";
		};
		FCDC088128E09E4300002902 /* macOS */ = {
			isa = PBXGroup;
			children = (
				FCDC088228E09E4300002902 /* macOS.entitlements */,
			);
			path = macOS;
			sourceTree = "<group>";
		};
		FCDC088A28E09E4300002902 /* Tests iOS */ = {
			isa = PBXGroup;
			children = (
				FCDC088B28E09E4300002902 /* Tests_iOS.swift */,
				FCDC088D28E09E4300002902 /* Tests_iOSLaunchTests.swift */,
			);
			path = "Tests iOS";
			sourceTree = "<group>";
		};
		FCDC089628E09E4300002902 /* Tests macOS */ = {
			isa = PBXGroup;
			children = (
				FCDC089728E09E4300002902 /* Tests_macOS.swift */,
				FCDC089928E09E4300002902 /* Tests_macOSLaunchTests.swift */,
			);
			path = "Tests macOS";
			sourceTree = "<group>";
		};
/* End PBXGroup section */

/* Begin PBXNativeTarget section */
		FCDC087928E09E4300002902 /* PokedexAsync (iOS) */ = {
			isa = PBXNativeTarget;
			buildConfigurationList = FCDC08A328E09E4300002902 /* Build configuration list for PBXNativeTarget "PokedexAsync (iOS)" */;
			buildPhases = (
				FCDC087628E09E4300002902 /* Sources */,
				FCDC087728E09E4300002902 /* Frameworks */,
				FCDC087828E09E4300002902 /* Resources */,
			);
			buildRules = (
			);
			dependencies = (
			);
			name = "PokedexAsync (iOS)";
			productName = "PokedexAsync (iOS)";
			productReference = FCDC087A28E09E4300002902 /* PokedexAsync.app */;
			productType = "com.apple.product-type.application";
		};
		FCDC087F28E09E4300002902 /* PokedexAsync (macOS) */ = {
			isa = PBXNativeTarget;
			buildConfigurationList = FCDC08A628E09E4300002902 /* Build configuration list for PBXNativeTarget "PokedexAsync (macOS)" */;
			buildPhases = (
				FCDC087C28E09E4300002902 /* Sources */,
				FCDC087D28E09E4300002902 /* Frameworks */,
				FCDC087E28E09E4300002902 /* Resources */,
			);
			buildRules = (
			);
			dependencies = (
			);
			name = "PokedexAsync (macOS)";
			productName = "PokedexAsync (macOS)";
			productReference = FCDC088028E09E4300002902 /* PokedexAsync.app */;
			productType = "com.apple.product-type.application";
		};
		FCDC088628E09E4300002902 /* Tests iOS */ = {
			isa = PBXNativeTarget;
			buildConfigurationList = FCDC08A928E09E4300002902 /* Build configuration list for PBXNativeTarget "Tests iOS" */;
			buildPhases = (
				FCDC088328E09E4300002902 /* Sources */,
				FCDC088428E09E4300002902 /* Frameworks */,
				FCDC088528E09E4300002902 /* Resources */,
			);
			buildRules = (
			);
			dependencies = (
				FCDC088928E09E4300002902 /* PBXTargetDependency */,
			);
			name = "Tests iOS";
			productName = "Tests iOS";
			productReference = FCDC088728E09E4300002902 /* Tests iOS.xctest */;
			productType = "com.apple.product-type.bundle.ui-testing";
		};
		FCDC089228E09E4300002902 /* Tests macOS */ = {
			isa = PBXNativeTarget;
			buildConfigurationList = FCDC08AC28E09E4300002902 /* Build configuration list for PBXNativeTarget "Tests macOS" */;
			buildPhases = (
				FCDC088F28E09E4300002902 /* Sources */,
				FCDC089028E09E4300002902 /* Frameworks */,
				FCDC089128E09E4300002902 /* Resources */,
			);
			buildRules = (
			);
			dependencies = (
				FCDC089528E09E4300002902 /* PBXTargetDependency */,
			);
			name = "Tests macOS";
			productName = "Tests macOS";
			productReference = FCDC089328E09E4300002902 /* Tests macOS.xctest */;
			productType = "com.apple.product-type.bundle.ui-testing";
		};
/* End PBXNativeTarget section */

/* Begin PBXProject section */
		FCDC086E28E09E4100002902 /* Project object */ = {
			isa = PBXProject;
			attributes = {
				BuildIndependentTargetsInParallel = 1;
				LastSwiftUpdateCheck = 1340;
				LastUpgradeCheck = 1340;
				TargetAttributes = {
					FCDC087928E09E4300002902 = {
						CreatedOnToolsVersion = 13.4;
					};
					FCDC087F28E09E4300002902 = {
						CreatedOnToolsVersion = 13.4;
					};
					FCDC088628E09E4300002902 = {
						CreatedOnToolsVersion = 13.4;
						TestTargetID = FCDC087928E09E4300002902;
					};
					FCDC089228E09E4300002902 = {
						CreatedOnToolsVersion = 13.4;
						TestTargetID = FCDC087F28E09E4300002902;
					};
				};
			};
			buildConfigurationList = FCDC087128E09E4100002902 /* Build configuration list for PBXProject "PokedexAsync" */;
			compatibilityVersion = "Xcode 13.0";
			developmentRegion = en;
			hasScannedForEncodings = 0;
			knownRegions = (
				en,
				Base,
			);
			mainGroup = FCDC086D28E09E4100002902;
			productRefGroup = FCDC087B28E09E4300002902 /* Products */;
			projectDirPath = "";
			projectRoot = "";
			targets = (
				FCDC087928E09E4300002902 /* PokedexAsync (iOS) */,
				FCDC087F28E09E4300002902 /* PokedexAsync (macOS) */,
				FCDC088628E09E4300002902 /* Tests iOS */,
				FCDC089228E09E4300002902 /* Tests macOS */,
			);
		};
/* End PBXProject section */

/* Begin PBXResourcesBuildPhase section */
		FCDC087828E09E4300002902 /* Resources */ = {
			isa = PBXResourcesBuildPhase;
			buildActionMask = 2147483647;
			files = (
				FCDC089F28E09E4300002902 /* Assets.xcassets in Resources */,
			);
			runOnlyForDeploymentPostprocessing = 0;
		};
		FCDC087E28E09E4300002902 /* Resources */ = {
			isa = PBXResourcesBuildPhase;
			buildActionMask = 2147483647;
			files = (
				FCDC08A028E09E4300002902 /* Assets.xcassets in Resources */,
			);
			runOnlyForDeploymentPostprocessing = 0;
		};
		FCDC088528E09E4300002902 /* Resources */ = {
			isa = PBXResourcesBuildPhase;
			buildActionMask = 2147483647;
			files = (
			);
			runOnlyForDeploymentPostprocessing = 0;
		};
		FCDC089128E09E4300002902 /* Resources */ = {
			isa = PBXResourcesBuildPhase;
			buildActionMask = 2147483647;
			files = (
			);
			runOnlyForDeploymentPostprocessing = 0;
		};
/* End PBXResourcesBuildPhase section */

/* Begin PBXSourcesBuildPhase section */
		FCDC087628E09E4300002902 /* Sources */ = {
			isa = PBXSourcesBuildPhase;
			buildActionMask = 2147483647;
			files = (
				FCDC089D28E09E4300002902 /* ContentView.swift in Sources */,
				FCDC089B28E09E4300002902 /* PokedexAsyncApp.swift in Sources */,
			);
			runOnlyForDeploymentPostprocessing = 0;
		};
		FCDC087C28E09E4300002902 /* Sources */ = {
			isa = PBXSourcesBuildPhase;
			buildActionMask = 2147483647;
			files = (
				FCDC089E28E09E4300002902 /* ContentView.swift in Sources */,
				FCDC089C28E09E4300002902 /* PokedexAsyncApp.swift in Sources */,
			);
			runOnlyForDeploymentPostprocessing = 0;
		};
		FCDC088328E09E4300002902 /* Sources */ = {
			isa = PBXSourcesBuildPhase;
			buildActionMask = 2147483647;
			files = (
				FCDC088E28E09E4300002902 /* Tests_iOSLaunchTests.swift in Sources */,
				FCDC088C28E09E4300002902 /* Tests_iOS.swift in Sources */,
			);
			runOnlyForDeploymentPostprocessing = 0;
		};
		FCDC088F28E09E4300002902 /* Sources */ = {
			isa = PBXSourcesBuildPhase;
			buildActionMask = 2147483647;
			files = (
				FCDC089A28E09E4300002902 /* Tests_macOSLaunchTests.swift in Sources */,
				FCDC089828E09E4300002902 /* Tests_macOS.swift in Sources */,
			);
			runOnlyForDeploymentPostprocessing = 0;
		};
/* End PBXSourcesBuildPhase section */

/* Begin PBXTargetDependency section */
		FCDC088928E09E4300002902 /* PBXTargetDependency */ = {
			isa = PBXTargetDependency;
			target = FCDC087928E09E4300002902 /* PokedexAsync (iOS) */;
			targetProxy = FCDC088828E09E4300002902 /* PBXContainerItemProxy */;
		};
		FCDC089528E09E4300002902 /* PBXTargetDependency */ = {
			isa = PBXTargetDependency;
			target = FCDC087F28E09E4300002902 /* PokedexAsync (macOS) */;
			targetProxy = FCDC089428E09E4300002902 /* PBXContainerItemProxy */;
		};
/* End PBXTargetDependency section */

/* Begin XCBuildConfiguration section */
		FCDC08A128E09E4300002902 /* Debug */ = {
			isa = XCBuildConfiguration;
			buildSettings = {
				ALWAYS_SEARCH_USER_PATHS = NO;
				CLANG_ANALYZER_NONNULL = YES;
				CLANG_ANALYZER_NUMBER_OBJECT_CONVERSION = YES_AGGRESSIVE;
				CLANG_CXX_LANGUAGE_STANDARD = "gnu++17";
				CLANG_ENABLE_MODULES = YES;
				CLANG_ENABLE_OBJC_ARC = YES;
				CLANG_ENABLE_OBJC_WEAK = YES;
				CLANG_WARN_BLOCK_CAPTURE_AUTORELEASING = YES;
				CLANG_WARN_BOOL_CONVERSION = YES;
				CLANG_WARN_COMMA = YES;
				CLANG_WARN_CONSTANT_CONVERSION = YES;
				CLANG_WARN_DEPRECATED_OBJC_IMPLEMENTATIONS = YES;
				CLANG_WARN_DIRECT_OBJC_ISA_USAGE = YES_ERROR;
				CLANG_WARN_DOCUMENTATION_COMMENTS = YES;
				CLANG_WARN_EMPTY_BODY = YES;
				CLANG_WARN_ENUM_CONVERSION = YES;
				CLANG_WARN_INFINITE_RECURSION = YES;
				CLANG_WARN_INT_CONVERSION = YES;
				CLANG_WARN_NON_LITERAL_NULL_CONVERSION = YES;
				CLANG_WARN_OBJC_IMPLICIT_RETAIN_SELF = YES;
				CLANG_WARN_OBJC_LITERAL_CONVERSION = YES;
				CLANG_WARN_OBJC_ROOT_CLASS = YES_ERROR;
				CLANG_WARN_QUOTED_INCLUDE_IN_FRAMEWORK_HEADER = YES;
				CLANG_WARN_RANGE_LOOP_ANALYSIS = YES;
				CLANG_WARN_STRICT_PROTOTYPES = YES;
				CLANG_WARN_SUSPICIOUS_MOVE = YES;
				CLANG_WARN_UNGUARDED_AVAILABILITY = YES_AGGRESSIVE;
				CLANG_WARN_UNREACHABLE_CODE = YES;
				CLANG_WARN__DUPLICATE_METHOD_MATCH = YES;
				COPY_PHASE_STRIP = NO;
				DEBUG_INFORMATION_FORMAT = dwarf;
				ENABLE_STRICT_OBJC_MSGSEND = YES;
				ENABLE_TESTABILITY = YES;
				GCC_C_LANGUAGE_STANDARD = gnu11;
				GCC_DYNAMIC_NO_PIC = NO;
				GCC_NO_COMMON_BLOCKS = YES;
				GCC_OPTIMIZATION_LEVEL = 0;
				GCC_PREPROCESSOR_DEFINITIONS = (
					"DEBUG=1",
					"$(inherited)",
				);
				GCC_WARN_64_TO_32_BIT_CONVERSION = YES;
				GCC_WARN_ABOUT_RETURN_TYPE = YES_ERROR;
				GCC_WARN_UNDECLARED_SELECTOR = YES;
				GCC_WARN_UNINITIALIZED_AUTOS = YES_AGGRESSIVE;
				GCC_WARN_UNUSED_FUNCTION = YES;
				GCC_WARN_UNUSED_VARIABLE = YES;
				MTL_ENABLE_DEBUG_INFO = INCLUDE_SOURCE;
				MTL_FAST_MATH = YES;
				ONLY_ACTIVE_ARCH = YES;
				SWIFT_ACTIVE_COMPILATION_CONDITIONS = DEBUG;
				SWIFT_OPTIMIZATION_LEVEL = "-Onone";
			};
			name = Debug;
		};
		FCDC08A228E09E4300002902 /* Release */ = {
			isa = XCBuildConfiguration;
			buildSettings = {
				ALWAYS_SEARCH_USER_PATHS = NO;
				CLANG_ANALYZER_NONNULL = YES;
				CLANG_ANALYZER_NUMBER_OBJECT_CONVERSION = YES_AGGRESSIVE;
				CLANG_CXX_LANGUAGE_STANDARD = "gnu++17";
				CLANG_ENABLE_MODULES = YES;
				CLANG_ENABLE_OBJC_ARC = YES;
				CLANG_ENABLE_OBJC_WEAK = YES;
				CLANG_WARN_BLOCK_CAPTURE_AUTORELEASING = YES;
				CLANG_WARN_BOOL_CONVERSION = YES;
				CLANG_WARN_COMMA = YES;
				CLANG_WARN_CONSTANT_CONVERSION = YES;
				CLANG_WARN_DEPRECATED_OBJC_IMPLEMENTATIONS = YES;
				CLANG_WARN_DIRECT_OBJC_ISA_USAGE = YES_ERROR;
				CLANG_WARN_DOCUMENTATION_COMMENTS = YES;
				CLANG_WARN_EMPTY_BODY = YES;
				CLANG_WARN_ENUM_CONVERSION = YES;
				CLANG_WARN_INFINITE_RECURSION = YES;
				CLANG_WARN_INT_CONVERSION = YES;
				CLANG_WARN_NON_LITERAL_NULL_CONVERSION = YES;
				CLANG_WARN_OBJC_IMPLICIT_RETAIN_SELF = YES;
				CLANG_WARN_OBJC_LITERAL_CONVERSION = YES;
				CLANG_WARN_OBJC_ROOT_CLASS = YES_ERROR;
				CLANG_WARN_QUOTED_INCLUDE_IN_FRAMEWORK_HEADER = YES;
				CLANG_WARN_RANGE_LOOP_ANALYSIS = YES;
				CLANG_WARN_STRICT_PROTOTYPES = YES;
				CLANG_WARN_SUSPICIOUS_MOVE = YES;
				CLANG_WARN_UNGUARDED_AVAILABILITY = YES_AGGRESSIVE;
				CLANG_WARN_UNREACHABLE_CODE = YES;
				CLANG_WARN__DUPLICATE_METHOD_MATCH = YES;
				COPY_PHASE_STRIP = NO;
				DEBUG_INFORMATION_FORMAT = "dwarf-with-dsym";
				ENABLE_NS_ASSERTIONS = NO;
				ENABLE_STRICT_OBJC_MSGSEND = YES;
				GCC_C_LANGUAGE_STANDARD = gnu11;
				GCC_NO_COMMON_BLOCKS = YES;
				GCC_WARN_64_TO_32_BIT_CONVERSION = YES;
				GCC_WARN_ABOUT_RETURN_TYPE = YES_ERROR;
				GCC_WARN_UNDECLARED_SELECTOR = YES;
				GCC_WARN_UNINITIALIZED_AUTOS = YES_AGGRESSIVE;
				GCC_WARN_UNUSED_FUNCTION = YES;
				GCC_WARN_UNUSED_VARIABLE = YES;
				MTL_ENABLE_DEBUG_INFO = NO;
				MTL_FAST_MATH = YES;
				SWIFT_COMPILATION_MODE = wholemodule;
				SWIFT_OPTIMIZATION_LEVEL = "-O";
			};
			name = Release;
		};
		FCDC08A428E09E4300002902 /* Debug */ = {
			isa = XCBuildConfiguration;
			buildSettings = {
				ASSETCATALOG_COMPILER_APPICON_NAME = AppIcon;
				ASSETCATALOG_COMPILER_GLOBAL_ACCENT_COLOR_NAME = AccentColor;
				CODE_SIGN_STYLE = Automatic;
				CURRENT_PROJECT_VERSION = 1;
				DEVELOPMENT_TEAM = HL92L2PJSU;
				ENABLE_PREVIEWS = YES;
				GENERATE_INFOPLIST_FILE = YES;
				INFOPLIST_KEY_UIApplicationSceneManifest_Generation = YES;
				INFOPLIST_KEY_UIApplicationSupportsIndirectInputEvents = YES;
				INFOPLIST_KEY_UILaunchScreen_Generation = YES;
				INFOPLIST_KEY_UISupportedInterfaceOrientations_iPad = "UIInterfaceOrientationPortrait UIInterfaceOrientationPortraitUpsideDown UIInterfaceOrientationLandscapeLeft UIInterfaceOrientationLandscapeRight";
				INFOPLIST_KEY_UISupportedInterfaceOrientations_iPhone = "UIInterfaceOrientationPortrait UIInterfaceOrientationLandscapeLeft UIInterfaceOrientationLandscapeRight";
				IPHONEOS_DEPLOYMENT_TARGET = 15.5;
				LD_RUNPATH_SEARCH_PATHS = (
					"$(inherited)",
					"@executable_path/Frameworks",
				);
				MARKETING_VERSION = 1.0;
				PRODUCT_BUNDLE_IDENTIFIER = com.christianleovido.PokedexAsync;
				PRODUCT_NAME = PokedexAsync;
				SDKROOT = iphoneos;
				SWIFT_EMIT_LOC_STRINGS = YES;
				SWIFT_VERSION = 5.0;
				TARGETED_DEVICE_FAMILY = "1,2";
			};
			name = Debug;
		};
		FCDC08A528E09E4300002902 /* Release */ = {
			isa = XCBuildConfiguration;
			buildSettings = {
				ASSETCATALOG_COMPILER_APPICON_NAME = AppIcon;
				ASSETCATALOG_COMPILER_GLOBAL_ACCENT_COLOR_NAME = AccentColor;
				CODE_SIGN_STYLE = Automatic;
				CURRENT_PROJECT_VERSION = 1;
				DEVELOPMENT_TEAM = HL92L2PJSU;
				ENABLE_PREVIEWS = YES;
				GENERATE_INFOPLIST_FILE = YES;
				INFOPLIST_KEY_UIApplicationSceneManifest_Generation = YES;
				INFOPLIST_KEY_UIApplicationSupportsIndirectInputEvents = YES;
				INFOPLIST_KEY_UILaunchScreen_Generation = YES;
				INFOPLIST_KEY_UISupportedInterfaceOrientations_iPad = "UIInterfaceOrientationPortrait UIInterfaceOrientationPortraitUpsideDown UIInterfaceOrientationLandscapeLeft UIInterfaceOrientationLandscapeRight";
				INFOPLIST_KEY_UISupportedInterfaceOrientations_iPhone = "UIInterfaceOrientationPortrait UIInterfaceOrientationLandscapeLeft UIInterfaceOrientationLandscapeRight";
				IPHONEOS_DEPLOYMENT_TARGET = 15.5;
				LD_RUNPATH_SEARCH_PATHS = (
					"$(inherited)",
					"@executable_path/Frameworks",
				);
				MARKETING_VERSION = 1.0;
				PRODUCT_BUNDLE_IDENTIFIER = com.christianleovido.PokedexAsync;
				PRODUCT_NAME = PokedexAsync;
				SDKROOT = iphoneos;
				SWIFT_EMIT_LOC_STRINGS = YES;
				SWIFT_VERSION = 5.0;
				TARGETED_DEVICE_FAMILY = "1,2";
				VALIDATE_PRODUCT = YES;
			};
			name = Release;
		};
		FCDC08A728E09E4300002902 /* Debug */ = {
			isa = XCBuildConfiguration;
			buildSettings = {
				ASSETCATALOG_COMPILER_APPICON_NAME = AppIcon;
				ASSETCATALOG_COMPILER_GLOBAL_ACCENT_COLOR_NAME = AccentColor;
				CODE_SIGN_ENTITLEMENTS = macOS/macOS.entitlements;
				CODE_SIGN_STYLE = Automatic;
				COMBINE_HIDPI_IMAGES = YES;
				CURRENT_PROJECT_VERSION = 1;
				DEVELOPMENT_TEAM = HL92L2PJSU;
				ENABLE_HARDENED_RUNTIME = YES;
				ENABLE_PREVIEWS = YES;
				GENERATE_INFOPLIST_FILE = YES;
				INFOPLIST_KEY_NSHumanReadableCopyright = "";
				LD_RUNPATH_SEARCH_PATHS = (
					"$(inherited)",
					"@executable_path/../Frameworks",
				);
				MACOSX_DEPLOYMENT_TARGET = 12.3;
				MARKETING_VERSION = 1.0;
				PRODUCT_BUNDLE_IDENTIFIER = com.christianleovido.PokedexAsync;
				PRODUCT_NAME = PokedexAsync;
				SDKROOT = macosx;
				SWIFT_EMIT_LOC_STRINGS = YES;
				SWIFT_VERSION = 5.0;
			};
			name = Debug;
		};
		FCDC08A828E09E4300002902 /* Release */ = {
			isa = XCBuildConfiguration;
			buildSettings = {
				ASSETCATALOG_COMPILER_APPICON_NAME = AppIcon;
				ASSETCATALOG_COMPILER_GLOBAL_ACCENT_COLOR_NAME = AccentColor;
				CODE_SIGN_ENTITLEMENTS = macOS/macOS.entitlements;
				CODE_SIGN_STYLE = Automatic;
				COMBINE_HIDPI_IMAGES = YES;
				CURRENT_PROJECT_VERSION = 1;
				DEVELOPMENT_TEAM = HL92L2PJSU;
				ENABLE_HARDENED_RUNTIME = YES;
				ENABLE_PREVIEWS = YES;
				GENERATE_INFOPLIST_FILE = YES;
				INFOPLIST_KEY_NSHumanReadableCopyright = "";
				LD_RUNPATH_SEARCH_PATHS = (
					"$(inherited)",
					"@executable_path/../Frameworks",
				);
				MACOSX_DEPLOYMENT_TARGET = 12.3;
				MARKETING_VERSION = 1.0;
				PRODUCT_BUNDLE_IDENTIFIER = com.christianleovido.PokedexAsync;
				PRODUCT_NAME = PokedexAsync;
				SDKROOT = macosx;
				SWIFT_EMIT_LOC_STRINGS = YES;
				SWIFT_VERSION = 5.0;
			};
			name = Release;
		};
		FCDC08AA28E09E4300002902 /* Debug */ = {
			isa = XCBuildConfiguration;
			buildSettings = {
				ALWAYS_EMBED_SWIFT_STANDARD_LIBRARIES = YES;
				CODE_SIGN_STYLE = Automatic;
				CURRENT_PROJECT_VERSION = 1;
				DEVELOPMENT_TEAM = HL92L2PJSU;
				GENERATE_INFOPLIST_FILE = YES;
				IPHONEOS_DEPLOYMENT_TARGET = 15.5;
				MARKETING_VERSION = 1.0;
				PRODUCT_BUNDLE_IDENTIFIER = "com.christianleovido.Tests-iOS";
				PRODUCT_NAME = "$(TARGET_NAME)";
				SDKROOT = iphoneos;
				SWIFT_EMIT_LOC_STRINGS = NO;
				SWIFT_VERSION = 5.0;
				TARGETED_DEVICE_FAMILY = "1,2";
				TEST_TARGET_NAME = "PokedexAsync (iOS)";
			};
			name = Debug;
		};
		FCDC08AB28E09E4300002902 /* Release */ = {
			isa = XCBuildConfiguration;
			buildSettings = {
				ALWAYS_EMBED_SWIFT_STANDARD_LIBRARIES = YES;
				CODE_SIGN_STYLE = Automatic;
				CURRENT_PROJECT_VERSION = 1;
				DEVELOPMENT_TEAM = HL92L2PJSU;
				GENERATE_INFOPLIST_FILE = YES;
				IPHONEOS_DEPLOYMENT_TARGET = 15.5;
				MARKETING_VERSION = 1.0;
				PRODUCT_BUNDLE_IDENTIFIER = "com.christianleovido.Tests-iOS";
				PRODUCT_NAME = "$(TARGET_NAME)";
				SDKROOT = iphoneos;
				SWIFT_EMIT_LOC_STRINGS = NO;
				SWIFT_VERSION = 5.0;
				TARGETED_DEVICE_FAMILY = "1,2";
				TEST_TARGET_NAME = "PokedexAsync (iOS)";
				VALIDATE_PRODUCT = YES;
			};
			name = Release;
		};
		FCDC08AD28E09E4300002902 /* Debug */ = {
			isa = XCBuildConfiguration;
			buildSettings = {
				ALWAYS_EMBED_SWIFT_STANDARD_LIBRARIES = YES;
				CODE_SIGN_STYLE = Automatic;
				CURRENT_PROJECT_VERSION = 1;
				DEVELOPMENT_TEAM = HL92L2PJSU;
				GENERATE_INFOPLIST_FILE = YES;
				MACOSX_DEPLOYMENT_TARGET = 12.3;
				MARKETING_VERSION = 1.0;
				PRODUCT_BUNDLE_IDENTIFIER = "com.christianleovido.Tests-macOS";
				PRODUCT_NAME = "$(TARGET_NAME)";
				SDKROOT = macosx;
				SWIFT_EMIT_LOC_STRINGS = NO;
				SWIFT_VERSION = 5.0;
				TEST_TARGET_NAME = "PokedexAsync (macOS)";
			};
			name = Debug;
		};
		FCDC08AE28E09E4300002902 /* Release */ = {
			isa = XCBuildConfiguration;
			buildSettings = {
				ALWAYS_EMBED_SWIFT_STANDARD_LIBRARIES = YES;
				CODE_SIGN_STYLE = Automatic;
				CURRENT_PROJECT_VERSION = 1;
				DEVELOPMENT_TEAM = HL92L2PJSU;
				GENERATE_INFOPLIST_FILE = YES;
				MACOSX_DEPLOYMENT_TARGET = 12.3;
				MARKETING_VERSION = 1.0;
				PRODUCT_BUNDLE_IDENTIFIER = "com.christianleovido.Tests-macOS";
				PRODUCT_NAME = "$(TARGET_NAME)";
				SDKROOT = macosx;
				SWIFT_EMIT_LOC_STRINGS = NO;
				SWIFT_VERSION = 5.0;
				TEST_TARGET_NAME = "PokedexAsync (macOS)";
			};
			name = Release;
		};
/* End XCBuildConfiguration section */

/* Begin XCConfigurationList section */
		FCDC087128E09E4100002902 /* Build configuration list for PBXProject "PokedexAsync" */ = {
			isa = XCConfigurationList;
			buildConfigurations = (
				FCDC08A128E09E4300002902 /* Debug */,
				FCDC08A228E09E4300002902 /* Release */,
			);
			defaultConfigurationIsVisible = 0;
			defaultConfigurationName = Release;
		};
		FCDC08A328E09E4300002902 /* Build configuration list for PBXNativeTarget "PokedexAsync (iOS)" */ = {
			isa = XCConfigurationList;
			buildConfigurations = (
				FCDC08A428E09E4300002902 /* Debug */,
				FCDC08A528E09E4300002902 /* Release */,
			);
			defaultConfigurationIsVisible = 0;
			defaultConfigurationName = Release;
		};
		FCDC08A628E09E4300002902 /* Build configuration list for PBXNativeTarget "PokedexAsync (macOS)" */ = {
			isa = XCConfigurationList;
			buildConfigurations = (
				FCDC08A728E09E4300002902 /* Debug */,
				FCDC08A828E09E4300002902 /* Release */,
			);
			defaultConfigurationIsVisible = 0;
			defaultConfigurationName = Release;
		};
		FCDC08A928E09E4300002902 /* Build configuration list for PBXNativeTarget "Tests iOS" */ = {
			isa = XCConfigurationList;
			buildConfigurations = (
				FCDC08AA28E09E4300002902 /* Debug */,
				FCDC08AB28E09E4300002902 /* Release */,
			);
			defaultConfigurationIsVisible = 0;
			defaultConfigurationName = Release;
		};
		FCDC08AC28E09E4300002902 /* Build configuration list for PBXNativeTarget "Tests macOS" */ = {
			isa = XCConfigurationList;
			buildConfigurations = (
				FCDC08AD28E09E4300002902 /* Debug */,
				FCDC08AE28E09E4300002902 /* Release */,
			);
			defaultConfigurationIsVisible = 0;
			defaultConfigurationName = Release;
		};
/* End XCConfigurationList section */
	};
	rootObject = FCDC086E28E09E4100002902 /* Project object */;
}
